// !$*UTF8*$!
{
	archiveVersion = 1;
	classes = {
	};
	objectVersion = 55;
	objects = {

/* Begin PBXBuildFile section */
		2F6D39E028E524E500953C6D /* AppDelegate.swift in Sources */ = {isa = PBXBuildFile; fileRef = 2F6D39DF28E524E500953C6D /* AppDelegate.swift */; };
		2F6D39E228E524E500953C6D /* SceneDelegate.swift in Sources */ = {isa = PBXBuildFile; fileRef = 2F6D39E128E524E500953C6D /* SceneDelegate.swift */; };
		2F6D39E428E524E500953C6D /* ViewController.swift in Sources */ = {isa = PBXBuildFile; fileRef = 2F6D39E328E524E500953C6D /* ViewController.swift */; };
		2F6D39E728E524E500953C6D /* Main.storyboard in Resources */ = {isa = PBXBuildFile; fileRef = 2F6D39E528E524E500953C6D /* Main.storyboard */; };
		2F6D39EA28E524E500953C6D /* GODING_EO.xcdatamodeld in Sources */ = {isa = PBXBuildFile; fileRef = 2F6D39E828E524E500953C6D /* GODING_EO.xcdatamodeld */; };
		2F6D39EC28E524E600953C6D /* Assets.xcassets in Resources */ = {isa = PBXBuildFile; fileRef = 2F6D39EB28E524E600953C6D /* Assets.xcassets */; };
		2F6D39EF28E524E600953C6D /* LaunchScreen.storyboard in Resources */ = {isa = PBXBuildFile; fileRef = 2F6D39ED28E524E600953C6D /* LaunchScreen.storyboard */; };
		2F6D39FA28E524E600953C6D /* GODING_EOTests.swift in Sources */ = {isa = PBXBuildFile; fileRef = 2F6D39F928E524E600953C6D /* GODING_EOTests.swift */; };
		2F6D3A0428E524E600953C6D /* GODING_EOUITests.swift in Sources */ = {isa = PBXBuildFile; fileRef = 2F6D3A0328E524E600953C6D /* GODING_EOUITests.swift */; };
		2F6D3A0628E524E600953C6D /* GODING_EOUITestsLaunchTests.swift in Sources */ = {isa = PBXBuildFile; fileRef = 2F6D3A0528E524E600953C6D /* GODING_EOUITestsLaunchTests.swift */; };
/* End PBXBuildFile section */

/* Begin PBXContainerItemProxy section */
		2F6D39F628E524E600953C6D /* PBXContainerItemProxy */ = {
			isa = PBXContainerItemProxy;
			containerPortal = 2F6D39D428E524E500953C6D /* Project object */;
			proxyType = 1;
			remoteGlobalIDString = 2F6D39DB28E524E500953C6D;
			remoteInfo = "GODING-EO";
		};
		2F6D3A0028E524E600953C6D /* PBXContainerItemProxy */ = {
			isa = PBXContainerItemProxy;
			containerPortal = 2F6D39D428E524E500953C6D /* Project object */;
			proxyType = 1;
			remoteGlobalIDString = 2F6D39DB28E524E500953C6D;
			remoteInfo = "GODING-EO";
		};
/* End PBXContainerItemProxy section */

/* Begin PBXFileReference section */
		2F6D39DC28E524E500953C6D /* GODING-EO.app */ = {isa = PBXFileReference; explicitFileType = wrapper.application; includeInIndex = 0; path = "GODING-EO.app"; sourceTree = BUILT_PRODUCTS_DIR; };
		2F6D39DF28E524E500953C6D /* AppDelegate.swift */ = {isa = PBXFileReference; lastKnownFileType = sourcecode.swift; path = AppDelegate.swift; sourceTree = "<group>"; };
		2F6D39E128E524E500953C6D /* SceneDelegate.swift */ = {isa = PBXFileReference; lastKnownFileType = sourcecode.swift; path = SceneDelegate.swift; sourceTree = "<group>"; };
		2F6D39E328E524E500953C6D /* ViewController.swift */ = {isa = PBXFileReference; lastKnownFileType = sourcecode.swift; path = ViewController.swift; sourceTree = "<group>"; };
		2F6D39E628E524E500953C6D /* Base */ = {isa = PBXFileReference; lastKnownFileType = file.storyboard; name = Base; path = Base.lproj/Main.storyboard; sourceTree = "<group>"; };
		2F6D39E928E524E500953C6D /* GODING_EO.xcdatamodel */ = {isa = PBXFileReference; lastKnownFileType = wrapper.xcdatamodel; path = GODING_EO.xcdatamodel; sourceTree = "<group>"; };
		2F6D39EB28E524E600953C6D /* Assets.xcassets */ = {isa = PBXFileReference; lastKnownFileType = folder.assetcatalog; path = Assets.xcassets; sourceTree = "<group>"; };
		2F6D39EE28E524E600953C6D /* Base */ = {isa = PBXFileReference; lastKnownFileType = file.storyboard; name = Base; path = Base.lproj/LaunchScreen.storyboard; sourceTree = "<group>"; };
		2F6D39F028E524E600953C6D /* Info.plist */ = {isa = PBXFileReference; lastKnownFileType = text.plist.xml; path = Info.plist; sourceTree = "<group>"; };
		2F6D39F528E524E600953C6D /* GODING-EOTests.xctest */ = {isa = PBXFileReference; explicitFileType = wrapper.cfbundle; includeInIndex = 0; path = "GODING-EOTests.xctest"; sourceTree = BUILT_PRODUCTS_DIR; };
		2F6D39F928E524E600953C6D /* GODING_EOTests.swift */ = {isa = PBXFileReference; lastKnownFileType = sourcecode.swift; path = GODING_EOTests.swift; sourceTree = "<group>"; };
		2F6D39FF28E524E600953C6D /* GODING-EOUITests.xctest */ = {isa = PBXFileReference; explicitFileType = wrapper.cfbundle; includeInIndex = 0; path = "GODING-EOUITests.xctest"; sourceTree = BUILT_PRODUCTS_DIR; };
		2F6D3A0328E524E600953C6D /* GODING_EOUITests.swift */ = {isa = PBXFileReference; lastKnownFileType = sourcecode.swift; path = GODING_EOUITests.swift; sourceTree = "<group>"; };
		2F6D3A0528E524E600953C6D /* GODING_EOUITestsLaunchTests.swift */ = {isa = PBXFileReference; lastKnownFileType = sourcecode.swift; path = GODING_EOUITestsLaunchTests.swift; sourceTree = "<group>"; };
/* End PBXFileReference section */

/* Begin PBXFrameworksBuildPhase section */
		2F6D39D928E524E500953C6D /* Frameworks */ = {
			isa = PBXFrameworksBuildPhase;
			buildActionMask = 2147483647;
			files = (
			);
			runOnlyForDeploymentPostprocessing = 0;
		};
		2F6D39F228E524E600953C6D /* Frameworks */ = {
			isa = PBXFrameworksBuildPhase;
			buildActionMask = 2147483647;
			files = (
			);
			runOnlyForDeploymentPostprocessing = 0;
		};
		2F6D39FC28E524E600953C6D /* Frameworks */ = {
			isa = PBXFrameworksBuildPhase;
			buildActionMask = 2147483647;
			files = (
			);
			runOnlyForDeploymentPostprocessing = 0;
		};
/* End PBXFrameworksBuildPhase section */

/* Begin PBXGroup section */
		2F6D39D328E524E500953C6D = {
			isa = PBXGroup;
			children = (
				2F6D39DE28E524E500953C6D /* GODING-EO */,
				2F6D39F828E524E600953C6D /* GODING-EOTests */,
				2F6D3A0228E524E600953C6D /* GODING-EOUITests */,
				2F6D39DD28E524E500953C6D /* Products */,
			);
			sourceTree = "<group>";
		};
		2F6D39DD28E524E500953C6D /* Products */ = {
			isa = PBXGroup;
			children = (
				2F6D39DC28E524E500953C6D /* GODING-EO.app */,
				2F6D39F528E524E600953C6D /* GODING-EOTests.xctest */,
				2F6D39FF28E524E600953C6D /* GODING-EOUITests.xctest */,
			);
			name = Products;
			sourceTree = "<group>";
		};
		2F6D39DE28E524E500953C6D /* GODING-EO */ = {
			isa = PBXGroup;
			children = (
				2F6D39DF28E524E500953C6D /* AppDelegate.swift */,
				2F6D39E128E524E500953C6D /* SceneDelegate.swift */,
				2F6D39E328E524E500953C6D /* ViewController.swift */,
				2F6D39E528E524E500953C6D /* Main.storyboard */,
				2F6D39EB28E524E600953C6D /* Assets.xcassets */,
				2F6D39ED28E524E600953C6D /* LaunchScreen.storyboard */,
				2F6D39F028E524E600953C6D /* Info.plist */,
				2F6D39E828E524E500953C6D /* GODING_EO.xcdatamodeld */,
			);
			path = "GODING-EO";
			sourceTree = "<group>";
		};
		2F6D39F828E524E600953C6D /* GODING-EOTests */ = {
			isa = PBXGroup;
			children = (
				2F6D39F928E524E600953C6D /* GODING_EOTests.swift */,
			);
			path = "GODING-EOTests";
			sourceTree = "<group>";
		};
		2F6D3A0228E524E600953C6D /* GODING-EOUITests */ = {
			isa = PBXGroup;
			children = (
				2F6D3A0328E524E600953C6D /* GODING_EOUITests.swift */,
				2F6D3A0528E524E600953C6D /* GODING_EOUITestsLaunchTests.swift */,
			);
			path = "GODING-EOUITests";
			sourceTree = "<group>";
		};
/* End PBXGroup section */

/* Begin PBXNativeTarget section */
		2F6D39DB28E524E500953C6D /* GODING-EO */ = {
			isa = PBXNativeTarget;
			buildConfigurationList = 2F6D3A0928E524E600953C6D /* Build configuration list for PBXNativeTarget "GODING-EO" */;
			buildPhases = (
				2F6D39D828E524E500953C6D /* Sources */,
				2F6D39D928E524E500953C6D /* Frameworks */,
				2F6D39DA28E524E500953C6D /* Resources */,
			);
			buildRules = (
			);
			dependencies = (
			);
			name = "GODING-EO";
			productName = "GODING-EO";
			productReference = 2F6D39DC28E524E500953C6D /* GODING-EO.app */;
			productType = "com.apple.product-type.application";
		};
		2F6D39F428E524E600953C6D /* GODING-EOTests */ = {
			isa = PBXNativeTarget;
			buildConfigurationList = 2F6D3A0C28E524E600953C6D /* Build configuration list for PBXNativeTarget "GODING-EOTests" */;
			buildPhases = (
				2F6D39F128E524E600953C6D /* Sources */,
				2F6D39F228E524E600953C6D /* Frameworks */,
				2F6D39F328E524E600953C6D /* Resources */,
			);
			buildRules = (
			);
			dependencies = (
				2F6D39F728E524E600953C6D /* PBXTargetDependency */,
			);
			name = "GODING-EOTests";
			productName = "GODING-EOTests";
			productReference = 2F6D39F528E524E600953C6D /* GODING-EOTests.xctest */;
			productType = "com.apple.product-type.bundle.unit-test";
		};
		2F6D39FE28E524E600953C6D /* GODING-EOUITests */ = {
			isa = PBXNativeTarget;
			buildConfigurationList = 2F6D3A0F28E524E600953C6D /* Build configuration list for PBXNativeTarget "GODING-EOUITests" */;
			buildPhases = (
				2F6D39FB28E524E600953C6D /* Sources */,
				2F6D39FC28E524E600953C6D /* Frameworks */,
				2F6D39FD28E524E600953C6D /* Resources */,
			);
			buildRules = (
			);
			dependencies = (
				2F6D3A0128E524E600953C6D /* PBXTargetDependency */,
			);
			name = "GODING-EOUITests";
			productName = "GODING-EOUITests";
			productReference = 2F6D39FF28E524E600953C6D /* GODING-EOUITests.xctest */;
			productType = "com.apple.product-type.bundle.ui-testing";
		};
/* End PBXNativeTarget section */

/* Begin PBXProject section */
		2F6D39D428E524E500953C6D /* Project object */ = {
			isa = PBXProject;
			attributes = {
				BuildIndependentTargetsInParallel = 1;
				LastSwiftUpdateCheck = 1340;
				LastUpgradeCheck = 1340;
				TargetAttributes = {
					2F6D39DB28E524E500953C6D = {
						CreatedOnToolsVersion = 13.4.1;
					};
					2F6D39F428E524E600953C6D = {
						CreatedOnToolsVersion = 13.4.1;
						TestTargetID = 2F6D39DB28E524E500953C6D;
					};
					2F6D39FE28E524E600953C6D = {
						CreatedOnToolsVersion = 13.4.1;
						TestTargetID = 2F6D39DB28E524E500953C6D;
					};
				};
			};
			buildConfigurationList = 2F6D39D728E524E500953C6D /* Build configuration list for PBXProject "GODING-EO" */;
			compatibilityVersion = "Xcode 13.0";
			developmentRegion = en;
			hasScannedForEncodings = 0;
			knownRegions = (
				en,
				Base,
			);
			mainGroup = 2F6D39D328E524E500953C6D;
			productRefGroup = 2F6D39DD28E524E500953C6D /* Products */;
			projectDirPath = "";
			projectRoot = "";
			targets = (
				2F6D39DB28E524E500953C6D /* GODING-EO */,
				2F6D39F428E524E600953C6D /* GODING-EOTests */,
				2F6D39FE28E524E600953C6D /* GODING-EOUITests */,
			);
		};
/* End PBXProject section */

/* Begin PBXResourcesBuildPhase section */
		2F6D39DA28E524E500953C6D /* Resources */ = {
			isa = PBXResourcesBuildPhase;
			buildActionMask = 2147483647;
			files = (
				2F6D39EF28E524E600953C6D /* LaunchScreen.storyboard in Resources */,
				2F6D39EC28E524E600953C6D /* Assets.xcassets in Resources */,
				2F6D39E728E524E500953C6D /* Main.storyboard in Resources */,
			);
			runOnlyForDeploymentPostprocessing = 0;
		};
		2F6D39F328E524E600953C6D /* Resources */ = {
			isa = PBXResourcesBuildPhase;
			buildActionMask = 2147483647;
			files = (
			);
			runOnlyForDeploymentPostprocessing = 0;
		};
		2F6D39FD28E524E600953C6D /* Resources */ = {
			isa = PBXResourcesBuildPhase;
			buildActionMask = 2147483647;
			files = (
			);
			runOnlyForDeploymentPostprocessing = 0;
		};
/* End PBXResourcesBuildPhase section */

/* Begin PBXSourcesBuildPhase section */
		2F6D39D828E524E500953C6D /* Sources */ = {
			isa = PBXSourcesBuildPhase;
			buildActionMask = 2147483647;
			files = (
				2F6D39E428E524E500953C6D /* ViewController.swift in Sources */,
				2F6D39EA28E524E500953C6D /* GODING_EO.xcdatamodeld in Sources */,
				2F6D39E028E524E500953C6D /* AppDelegate.swift in Sources */,
				2F6D39E228E524E500953C6D /* SceneDelegate.swift in Sources */,
			);
			runOnlyForDeploymentPostprocessing = 0;
		};
		2F6D39F128E524E600953C6D /* Sources */ = {
			isa = PBXSourcesBuildPhase;
			buildActionMask = 2147483647;
			files = (
				2F6D39FA28E524E600953C6D /* GODING_EOTests.swift in Sources */,
			);
			runOnlyForDeploymentPostprocessing = 0;
		};
		2F6D39FB28E524E600953C6D /* Sources */ = {
			isa = PBXSourcesBuildPhase;
			buildActionMask = 2147483647;
			files = (
				2F6D3A0628E524E600953C6D /* GODING_EOUITestsLaunchTests.swift in Sources */,
				2F6D3A0428E524E600953C6D /* GODING_EOUITests.swift in Sources */,
			);
			runOnlyForDeploymentPostprocessing = 0;
		};
/* End PBXSourcesBuildPhase section */

/* Begin PBXTargetDependency section */
		2F6D39F728E524E600953C6D /* PBXTargetDependency */ = {
			isa = PBXTargetDependency;
			target = 2F6D39DB28E524E500953C6D /* GODING-EO */;
			targetProxy = 2F6D39F628E524E600953C6D /* PBXContainerItemProxy */;
		};
		2F6D3A0128E524E600953C6D /* PBXTargetDependency */ = {
			isa = PBXTargetDependency;
			target = 2F6D39DB28E524E500953C6D /* GODING-EO */;
			targetProxy = 2F6D3A0028E524E600953C6D /* PBXContainerItemProxy */;
		};
/* End PBXTargetDependency section */

/* Begin PBXVariantGroup section */
		2F6D39E528E524E500953C6D /* Main.storyboard */ = {
			isa = PBXVariantGroup;
			children = (
				2F6D39E628E524E500953C6D /* Base */,
			);
			name = Main.storyboard;
			sourceTree = "<group>";
		};
		2F6D39ED28E524E600953C6D /* LaunchScreen.storyboard */ = {
			isa = PBXVariantGroup;
			children = (
				2F6D39EE28E524E600953C6D /* Base */,
			);
			name = LaunchScreen.storyboard;
			sourceTree = "<group>";
		};
/* End PBXVariantGroup section */

/* Begin XCBuildConfiguration section */
		2F6D3A0728E524E600953C6D /* Debug */ = {
			isa = XCBuildConfiguration;
			buildSettings = {
				ALWAYS_SEARCH_USER_PATHS = NO;
				CLANG_ANALYZER_NONNULL = YES;
				CLANG_ANALYZER_NUMBER_OBJECT_CONVERSION = YES_AGGRESSIVE;
				CLANG_CXX_LANGUAGE_STANDARD = "gnu++17";
				CLANG_ENABLE_MODULES = YES;
				CLANG_ENABLE_OBJC_ARC = YES;
				CLANG_ENABLE_OBJC_WEAK = YES;
				CLANG_WARN_BLOCK_CAPTURE_AUTORELEASING = YES;
				CLANG_WARN_BOOL_CONVERSION = YES;
				CLANG_WARN_COMMA = YES;
				CLANG_WARN_CONSTANT_CONVERSION = YES;
				CLANG_WARN_DEPRECATED_OBJC_IMPLEMENTATIONS = YES;
				CLANG_WARN_DIRECT_OBJC_ISA_USAGE = YES_ERROR;
				CLANG_WARN_DOCUMENTATION_COMMENTS = YES;
				CLANG_WARN_EMPTY_BODY = YES;
				CLANG_WARN_ENUM_CONVERSION = YES;
				CLANG_WARN_INFINITE_RECURSION = YES;
				CLANG_WARN_INT_CONVERSION = YES;
				CLANG_WARN_NON_LITERAL_NULL_CONVERSION = YES;
				CLANG_WARN_OBJC_IMPLICIT_RETAIN_SELF = YES;
				CLANG_WARN_OBJC_LITERAL_CONVERSION = YES;
				CLANG_WARN_OBJC_ROOT_CLASS = YES_ERROR;
				CLANG_WARN_QUOTED_INCLUDE_IN_FRAMEWORK_HEADER = YES;
				CLANG_WARN_RANGE_LOOP_ANALYSIS = YES;
				CLANG_WARN_STRICT_PROTOTYPES = YES;
				CLANG_WARN_SUSPICIOUS_MOVE = YES;
				CLANG_WARN_UNGUARDED_AVAILABILITY = YES_AGGRESSIVE;
				CLANG_WARN_UNREACHABLE_CODE = YES;
				CLANG_WARN__DUPLICATE_METHOD_MATCH = YES;
				COPY_PHASE_STRIP = NO;
				DEBUG_INFORMATION_FORMAT = dwarf;
				ENABLE_STRICT_OBJC_MSGSEND = YES;
				ENABLE_TESTABILITY = YES;
				GCC_C_LANGUAGE_STANDARD = gnu11;
				GCC_DYNAMIC_NO_PIC = NO;
				GCC_NO_COMMON_BLOCKS = YES;
				GCC_OPTIMIZATION_LEVEL = 0;
				GCC_PREPROCESSOR_DEFINITIONS = (
					"DEBUG=1",
					"$(inherited)",
				);
				GCC_WARN_64_TO_32_BIT_CONVERSION = YES;
				GCC_WARN_ABOUT_RETURN_TYPE = YES_ERROR;
				GCC_WARN_UNDECLARED_SELECTOR = YES;
				GCC_WARN_UNINITIALIZED_AUTOS = YES_AGGRESSIVE;
				GCC_WARN_UNUSED_FUNCTION = YES;
				GCC_WARN_UNUSED_VARIABLE = YES;
				IPHONEOS_DEPLOYMENT_TARGET = 15.5;
				MTL_ENABLE_DEBUG_INFO = INCLUDE_SOURCE;
				MTL_FAST_MATH = YES;
				ONLY_ACTIVE_ARCH = YES;
				SDKROOT = iphoneos;
				SWIFT_ACTIVE_COMPILATION_CONDITIONS = DEBUG;
				SWIFT_OPTIMIZATION_LEVEL = "-Onone";
			};
			name = Debug;
		};
		2F6D3A0828E524E600953C6D /* Release */ = {
			isa = XCBuildConfiguration;
			buildSettings = {
				ALWAYS_SEARCH_USER_PATHS = NO;
				CLANG_ANALYZER_NONNULL = YES;
				CLANG_ANALYZER_NUMBER_OBJECT_CONVERSION = YES_AGGRESSIVE;
				CLANG_CXX_LANGUAGE_STANDARD = "gnu++17";
				CLANG_ENABLE_MODULES = YES;
				CLANG_ENABLE_OBJC_ARC = YES;
				CLANG_ENABLE_OBJC_WEAK = YES;
				CLANG_WARN_BLOCK_CAPTURE_AUTORELEASING = YES;
				CLANG_WARN_BOOL_CONVERSION = YES;
				CLANG_WARN_COMMA = YES;
				CLANG_WARN_CONSTANT_CONVERSION = YES;
				CLANG_WARN_DEPRECATED_OBJC_IMPLEMENTATIONS = YES;
				CLANG_WARN_DIRECT_OBJC_ISA_USAGE = YES_ERROR;
				CLANG_WARN_DOCUMENTATION_COMMENTS = YES;
				CLANG_WARN_EMPTY_BODY = YES;
				CLANG_WARN_ENUM_CONVERSION = YES;
				CLANG_WARN_INFINITE_RECURSION = YES;
				CLANG_WARN_INT_CONVERSION = YES;
				CLANG_WARN_NON_LITERAL_NULL_CONVERSION = YES;
				CLANG_WARN_OBJC_IMPLICIT_RETAIN_SELF = YES;
				CLANG_WARN_OBJC_LITERAL_CONVERSION = YES;
				CLANG_WARN_OBJC_ROOT_CLASS = YES_ERROR;
				CLANG_WARN_QUOTED_INCLUDE_IN_FRAMEWORK_HEADER = YES;
				CLANG_WARN_RANGE_LOOP_ANALYSIS = YES;
				CLANG_WARN_STRICT_PROTOTYPES = YES;
				CLANG_WARN_SUSPICIOUS_MOVE = YES;
				CLANG_WARN_UNGUARDED_AVAILABILITY = YES_AGGRESSIVE;
				CLANG_WARN_UNREACHABLE_CODE = YES;
				CLANG_WARN__DUPLICATE_METHOD_MATCH = YES;
				COPY_PHASE_STRIP = NO;
				DEBUG_INFORMATION_FORMAT = "dwarf-with-dsym";
				ENABLE_NS_ASSERTIONS = NO;
				ENABLE_STRICT_OBJC_MSGSEND = YES;
				GCC_C_LANGUAGE_STANDARD = gnu11;
				GCC_NO_COMMON_BLOCKS = YES;
				GCC_WARN_64_TO_32_BIT_CONVERSION = YES;
				GCC_WARN_ABOUT_RETURN_TYPE = YES_ERROR;
				GCC_WARN_UNDECLARED_SELECTOR = YES;
				GCC_WARN_UNINITIALIZED_AUTOS = YES_AGGRESSIVE;
				GCC_WARN_UNUSED_FUNCTION = YES;
				GCC_WARN_UNUSED_VARIABLE = YES;
				IPHONEOS_DEPLOYMENT_TARGET = 15.5;
				MTL_ENABLE_DEBUG_INFO = NO;
				MTL_FAST_MATH = YES;
				SDKROOT = iphoneos;
				SWIFT_COMPILATION_MODE = wholemodule;
				SWIFT_OPTIMIZATION_LEVEL = "-O";
				VALIDATE_PRODUCT = YES;
			};
			name = Release;
		};
		2F6D3A0A28E524E600953C6D /* Debug */ = {
			isa = XCBuildConfiguration;
			buildSettings = {
				ASSETCATALOG_COMPILER_APPICON_NAME = AppIcon;
				ASSETCATALOG_COMPILER_GLOBAL_ACCENT_COLOR_NAME = AccentColor;
				CODE_SIGN_STYLE = Automatic;
				CURRENT_PROJECT_VERSION = 1;
				GENERATE_INFOPLIST_FILE = YES;
				INFOPLIST_FILE = "GODING-EO/Info.plist";
				INFOPLIST_KEY_UIApplicationSupportsIndirectInputEvents = YES;
				INFOPLIST_KEY_UILaunchStoryboardName = LaunchScreen;
				INFOPLIST_KEY_UIMainStoryboardFile = Main;
				INFOPLIST_KEY_UISupportedInterfaceOrientations_iPad = "UIInterfaceOrientationPortrait UIInterfaceOrientationPortraitUpsideDown UIInterfaceOrientationLandscapeLeft UIInterfaceOrientationLandscapeRight";
				INFOPLIST_KEY_UISupportedInterfaceOrientations_iPhone = "UIInterfaceOrientationPortrait UIInterfaceOrientationLandscapeLeft UIInterfaceOrientationLandscapeRight";
				LD_RUNPATH_SEARCH_PATHS = (
					"$(inherited)",
					"@executable_path/Frameworks",
				);
				MARKETING_VERSION = 1.0;
				PRODUCT_BUNDLE_IDENTIFIER = "com.GODING-EO";
				PRODUCT_NAME = "$(TARGET_NAME)";
				SWIFT_EMIT_LOC_STRINGS = YES;
				SWIFT_VERSION = 5.0;
				TARGETED_DEVICE_FAMILY = "1,2";
			};
			name = Debug;
		};
		2F6D3A0B28E524E600953C6D /* Release */ = {
			isa = XCBuildConfiguration;
			buildSettings = {
				ASSETCATALOG_COMPILER_APPICON_NAME = AppIcon;
				ASSETCATALOG_COMPILER_GLOBAL_ACCENT_COLOR_NAME = AccentColor;
				CODE_SIGN_STYLE = Automatic;
				CURRENT_PROJECT_VERSION = 1;
				GENERATE_INFOPLIST_FILE = YES;
				INFOPLIST_FILE = "GODING-EO/Info.plist";
				INFOPLIST_KEY_UIApplicationSupportsIndirectInputEvents = YES;
				INFOPLIST_KEY_UILaunchStoryboardName = LaunchScreen;
				INFOPLIST_KEY_UIMainStoryboardFile = Main;
				INFOPLIST_KEY_UISupportedInterfaceOrientations_iPad = "UIInterfaceOrientationPortrait UIInterfaceOrientationPortraitUpsideDown UIInterfaceOrientationLandscapeLeft UIInterfaceOrientationLandscapeRight";
				INFOPLIST_KEY_UISupportedInterfaceOrientations_iPhone = "UIInterfaceOrientationPortrait UIInterfaceOrientationLandscapeLeft UIInterfaceOrientationLandscapeRight";
				LD_RUNPATH_SEARCH_PATHS = (
					"$(inherited)",
					"@executable_path/Frameworks",
				);
				MARKETING_VERSION = 1.0;
				PRODUCT_BUNDLE_IDENTIFIER = "com.GODING-EO";
				PRODUCT_NAME = "$(TARGET_NAME)";
				SWIFT_EMIT_LOC_STRINGS = YES;
				SWIFT_VERSION = 5.0;
				TARGETED_DEVICE_FAMILY = "1,2";
			};
			name = Release;
		};
		2F6D3A0D28E524E600953C6D /* Debug */ = {
			isa = XCBuildConfiguration;
			buildSettings = {
				ALWAYS_EMBED_SWIFT_STANDARD_LIBRARIES = YES;
				BUNDLE_LOADER = "$(TEST_HOST)";
				CODE_SIGN_STYLE = Automatic;
				CURRENT_PROJECT_VERSION = 1;
				GENERATE_INFOPLIST_FILE = YES;
				IPHONEOS_DEPLOYMENT_TARGET = 15.5;
				MARKETING_VERSION = 1.0;
				PRODUCT_BUNDLE_IDENTIFIER = "com.GODING-EOTests";
				PRODUCT_NAME = "$(TARGET_NAME)";
				SWIFT_EMIT_LOC_STRINGS = NO;
				SWIFT_VERSION = 5.0;
				TARGETED_DEVICE_FAMILY = "1,2";
				TEST_HOST = "$(BUILT_PRODUCTS_DIR)/GODING-EO.app/GODING-EO";
			};
			name = Debug;
		};
		2F6D3A0E28E524E600953C6D /* Release */ = {
			isa = XCBuildConfiguration;
			buildSettings = {
				ALWAYS_EMBED_SWIFT_STANDARD_LIBRARIES = YES;
				BUNDLE_LOADER = "$(TEST_HOST)";
				CODE_SIGN_STYLE = Automatic;
				CURRENT_PROJECT_VERSION = 1;
				GENERATE_INFOPLIST_FILE = YES;
				IPHONEOS_DEPLOYMENT_TARGET = 15.5;
				MARKETING_VERSION = 1.0;
				PRODUCT_BUNDLE_IDENTIFIER = "com.GODING-EOTests";
				PRODUCT_NAME = "$(TARGET_NAME)";
				SWIFT_EMIT_LOC_STRINGS = NO;
				SWIFT_VERSION = 5.0;
				TARGETED_DEVICE_FAMILY = "1,2";
				TEST_HOST = "$(BUILT_PRODUCTS_DIR)/GODING-EO.app/GODING-EO";
			};
			name = Release;
		};
		2F6D3A1028E524E600953C6D /* Debug */ = {
			isa = XCBuildConfiguration;
			buildSettings = {
				ALWAYS_EMBED_SWIFT_STANDARD_LIBRARIES = YES;
				CODE_SIGN_STYLE = Automatic;
				CURRENT_PROJECT_VERSION = 1;
				GENERATE_INFOPLIST_FILE = YES;
				MARKETING_VERSION = 1.0;
				PRODUCT_BUNDLE_IDENTIFIER = "com.GODING-EOUITests";
				PRODUCT_NAME = "$(TARGET_NAME)";
				SWIFT_EMIT_LOC_STRINGS = NO;
				SWIFT_VERSION = 5.0;
				TARGETED_DEVICE_FAMILY = "1,2";
				TEST_TARGET_NAME = "GODING-EO";
			};
			name = Debug;
		};
		2F6D3A1128E524E600953C6D /* Release */ = {
			isa = XCBuildConfiguration;
			buildSettings = {
				ALWAYS_EMBED_SWIFT_STANDARD_LIBRARIES = YES;
				CODE_SIGN_STYLE = Automatic;
				CURRENT_PROJECT_VERSION = 1;
				GENERATE_INFOPLIST_FILE = YES;
				MARKETING_VERSION = 1.0;
				PRODUCT_BUNDLE_IDENTIFIER = "com.GODING-EOUITests";
				PRODUCT_NAME = "$(TARGET_NAME)";
				SWIFT_EMIT_LOC_STRINGS = NO;
				SWIFT_VERSION = 5.0;
				TARGETED_DEVICE_FAMILY = "1,2";
				TEST_TARGET_NAME = "GODING-EO";
			};
			name = Release;
		};
/* End XCBuildConfiguration section */

/* Begin XCConfigurationList section */
		2F6D39D728E524E500953C6D /* Build configuration list for PBXProject "GODING-EO" */ = {
			isa = XCConfigurationList;
			buildConfigurations = (
				2F6D3A0728E524E600953C6D /* Debug */,
				2F6D3A0828E524E600953C6D /* Release */,
			);
			defaultConfigurationIsVisible = 0;
			defaultConfigurationName = Release;
		};
		2F6D3A0928E524E600953C6D /* Build configuration list for PBXNativeTarget "GODING-EO" */ = {
			isa = XCConfigurationList;
			buildConfigurations = (
				2F6D3A0A28E524E600953C6D /* Debug */,
				2F6D3A0B28E524E600953C6D /* Release */,
			);
			defaultConfigurationIsVisible = 0;
			defaultConfigurationName = Release;
		};
		2F6D3A0C28E524E600953C6D /* Build configuration list for PBXNativeTarget "GODING-EOTests" */ = {
			isa = XCConfigurationList;
			buildConfigurations = (
				2F6D3A0D28E524E600953C6D /* Debug */,
				2F6D3A0E28E524E600953C6D /* Release */,
			);
			defaultConfigurationIsVisible = 0;
			defaultConfigurationName = Release;
		};
		2F6D3A0F28E524E600953C6D /* Build configuration list for PBXNativeTarget "GODING-EOUITests" */ = {
			isa = XCConfigurationList;
			buildConfigurations = (
				2F6D3A1028E524E600953C6D /* Debug */,
				2F6D3A1128E524E600953C6D /* Release */,
			);
			defaultConfigurationIsVisible = 0;
			defaultConfigurationName = Release;
		};
/* End XCConfigurationList section */

/* Begin XCVersionGroup section */
		2F6D39E828E524E500953C6D /* GODING_EO.xcdatamodeld */ = {
			isa = XCVersionGroup;
			children = (
				2F6D39E928E524E500953C6D /* GODING_EO.xcdatamodel */,
			);
			currentVersion = 2F6D39E928E524E500953C6D /* GODING_EO.xcdatamodel */;
			path = GODING_EO.xcdatamodeld;
			sourceTree = "<group>";
			versionGroupType = wrapper.xcdatamodel;
		};
/* End XCVersionGroup section */
	};
	rootObject = 2F6D39D428E524E500953C6D /* Project object */;
}
