// !$*UTF8*$!
{
	archiveVersion = 1;
	classes = {
	};
	objectVersion = 55;
	objects = {

/* Begin PBXBuildFile section */
		135D2601F70EABC6D5CE9EEC /* Pods_GODING_EO.framework in Frameworks */ = {isa = PBXBuildFile; fileRef = 946AD0DC8205DF182CF89E46 /* Pods_GODING_EO.framework */; };
		198F6887DA47F0A4C2E76571 /* Pods_GODING_EOTests.framework in Frameworks */ = {isa = PBXBuildFile; fileRef = D6BA91B0825E8BCE16A40D5F /* Pods_GODING_EOTests.framework */; };
		2F5EBC7428EE815C002E7847 /* JoinViewController.storyboard in Resources */ = {isa = PBXBuildFile; fileRef = 2F5EBC7328EE815C002E7847 /* JoinViewController.storyboard */; };
		2F5EBC7728EEA3A6002E7847 /* NotoSansKR-Bold.otf in Resources */ = {isa = PBXBuildFile; fileRef = 2F5EBC7528EEA3A6002E7847 /* NotoSansKR-Bold.otf */; };
		2F5EBC7828EEA3A6002E7847 /* NotoSansKR-Thin.otf in Resources */ = {isa = PBXBuildFile; fileRef = 2F5EBC7628EEA3A6002E7847 /* NotoSansKR-Thin.otf */; };
		2F5EBC7A28EED7CB002E7847 /* SchoolViewController.swift in Sources */ = {isa = PBXBuildFile; fileRef = 2F5EBC7928EED7CB002E7847 /* SchoolViewController.swift */; };
		2F5EBC7C28EED7E6002E7847 /* SchoolViewController.storyboard in Resources */ = {isa = PBXBuildFile; fileRef = 2F5EBC7B28EED7E6002E7847 /* SchoolViewController.storyboard */; };
		2F5EBC9228FFA043002E7847 /* SchoolCell.swift in Sources */ = {isa = PBXBuildFile; fileRef = 2F5EBC9028FFA043002E7847 /* SchoolCell.swift */; };
		2F5EBC9328FFA043002E7847 /* SchoolCell.xib in Resources */ = {isa = PBXBuildFile; fileRef = 2F5EBC9128FFA043002E7847 /* SchoolCell.xib */; };
		2F6D39E028E524E500953C6D /* AppDelegate.swift in Sources */ = {isa = PBXBuildFile; fileRef = 2F6D39DF28E524E500953C6D /* AppDelegate.swift */; };
		2F6D39E228E524E500953C6D /* SceneDelegate.swift in Sources */ = {isa = PBXBuildFile; fileRef = 2F6D39E128E524E500953C6D /* SceneDelegate.swift */; };
		2F6D39E428E524E500953C6D /* ViewController.swift in Sources */ = {isa = PBXBuildFile; fileRef = 2F6D39E328E524E500953C6D /* ViewController.swift */; };
		2F6D39E728E524E500953C6D /* Main.storyboard in Resources */ = {isa = PBXBuildFile; fileRef = 2F6D39E528E524E500953C6D /* Main.storyboard */; };
		2F6D39EA28E524E500953C6D /* GODING_EO.xcdatamodeld in Sources */ = {isa = PBXBuildFile; fileRef = 2F6D39E828E524E500953C6D /* GODING_EO.xcdatamodeld */; };
		2F6D39EC28E524E600953C6D /* Assets.xcassets in Resources */ = {isa = PBXBuildFile; fileRef = 2F6D39EB28E524E600953C6D /* Assets.xcassets */; };
		2F6D39EF28E524E600953C6D /* LaunchScreen.storyboard in Resources */ = {isa = PBXBuildFile; fileRef = 2F6D39ED28E524E600953C6D /* LaunchScreen.storyboard */; };
		2F6D39FA28E524E600953C6D /* GODING_EOTests.swift in Sources */ = {isa = PBXBuildFile; fileRef = 2F6D39F928E524E600953C6D /* GODING_EOTests.swift */; };
		2F6D3A0428E524E600953C6D /* GODING_EOUITests.swift in Sources */ = {isa = PBXBuildFile; fileRef = 2F6D3A0328E524E600953C6D /* GODING_EOUITests.swift */; };
		2F6D3A0628E524E600953C6D /* GODING_EOUITestsLaunchTests.swift in Sources */ = {isa = PBXBuildFile; fileRef = 2F6D3A0528E524E600953C6D /* GODING_EOUITestsLaunchTests.swift */; };
		2F6D3A1D28E5392F00953C6D /* JoinViewController.swift in Sources */ = {isa = PBXBuildFile; fileRef = 2F6D3A1C28E5392F00953C6D /* JoinViewController.swift */; };
		2F6D3AE728E9B46C00953C6D /* NotoSansKR-Black.otf in Resources */ = {isa = PBXBuildFile; fileRef = 2F6D3AE628E9B46C00953C6D /* NotoSansKR-Black.otf */; };
		2F6D3AE928E9B55E00953C6D /* NotoSansKR-Medium.otf in Resources */ = {isa = PBXBuildFile; fileRef = 2F6D3AE828E9B55E00953C6D /* NotoSansKR-Medium.otf */; };
		2F6D3AEB28E9B5AC00953C6D /* NotoSansKR-Light.otf in Resources */ = {isa = PBXBuildFile; fileRef = 2F6D3AEA28E9B5AC00953C6D /* NotoSansKR-Light.otf */; };
		2F6D3AED28E9B5EB00953C6D /* NotoSansKR-Regular.otf in Resources */ = {isa = PBXBuildFile; fileRef = 2F6D3AEC28E9B5EB00953C6D /* NotoSansKR-Regular.otf */; };
		8C7CADDD8A756CC00E7A239D /* Pods_GODING_EO_GODING_EOUITests.framework in Frameworks */ = {isa = PBXBuildFile; fileRef = D134775D93CB7652C147BCEF /* Pods_GODING_EO_GODING_EOUITests.framework */; };
/* End PBXBuildFile section */

/* Begin PBXContainerItemProxy section */
		2F6D39F628E524E600953C6D /* PBXContainerItemProxy */ = {
			isa = PBXContainerItemProxy;
			containerPortal = 2F6D39D428E524E500953C6D /* Project object */;
			proxyType = 1;
			remoteGlobalIDString = 2F6D39DB28E524E500953C6D;
			remoteInfo = "GODING-EO";
		};
		2F6D3A0028E524E600953C6D /* PBXContainerItemProxy */ = {
			isa = PBXContainerItemProxy;
			containerPortal = 2F6D39D428E524E500953C6D /* Project object */;
			proxyType = 1;
			remoteGlobalIDString = 2F6D39DB28E524E500953C6D;
			remoteInfo = "GODING-EO";
		};
/* End PBXContainerItemProxy section */

/* Begin PBXFileReference section */
		1AEE3A86E4FBE645519CBDFB /* Pods-GODING-EO-GODING-EOUITests.release.xcconfig */ = {isa = PBXFileReference; includeInIndex = 1; lastKnownFileType = text.xcconfig; name = "Pods-GODING-EO-GODING-EOUITests.release.xcconfig"; path = "Target Support Files/Pods-GODING-EO-GODING-EOUITests/Pods-GODING-EO-GODING-EOUITests.release.xcconfig"; sourceTree = "<group>"; };
		2F5EBC7328EE815C002E7847 /* JoinViewController.storyboard */ = {isa = PBXFileReference; lastKnownFileType = file.storyboard; path = JoinViewController.storyboard; sourceTree = "<group>"; };
		2F5EBC7528EEA3A6002E7847 /* NotoSansKR-Bold.otf */ = {isa = PBXFileReference; lastKnownFileType = file; path = "NotoSansKR-Bold.otf"; sourceTree = "<group>"; };
		2F5EBC7628EEA3A6002E7847 /* NotoSansKR-Thin.otf */ = {isa = PBXFileReference; lastKnownFileType = file; path = "NotoSansKR-Thin.otf"; sourceTree = "<group>"; };
		2F5EBC7928EED7CB002E7847 /* SchoolViewController.swift */ = {isa = PBXFileReference; lastKnownFileType = sourcecode.swift; path = SchoolViewController.swift; sourceTree = "<group>"; };
		2F5EBC7B28EED7E6002E7847 /* SchoolViewController.storyboard */ = {isa = PBXFileReference; lastKnownFileType = file.storyboard; path = SchoolViewController.storyboard; sourceTree = "<group>"; };
		2F5EBC9028FFA043002E7847 /* SchoolCell.swift */ = {isa = PBXFileReference; lastKnownFileType = sourcecode.swift; path = SchoolCell.swift; sourceTree = "<group>"; };
		2F5EBC9128FFA043002E7847 /* SchoolCell.xib */ = {isa = PBXFileReference; lastKnownFileType = file.xib; path = SchoolCell.xib; sourceTree = "<group>"; };
		2F6D39DC28E524E500953C6D /* GODING-EO.app */ = {isa = PBXFileReference; explicitFileType = wrapper.application; includeInIndex = 0; path = "GODING-EO.app"; sourceTree = BUILT_PRODUCTS_DIR; };
		2F6D39DF28E524E500953C6D /* AppDelegate.swift */ = {isa = PBXFileReference; lastKnownFileType = sourcecode.swift; path = AppDelegate.swift; sourceTree = "<group>"; };
		2F6D39E128E524E500953C6D /* SceneDelegate.swift */ = {isa = PBXFileReference; lastKnownFileType = sourcecode.swift; path = SceneDelegate.swift; sourceTree = "<group>"; };
		2F6D39E328E524E500953C6D /* ViewController.swift */ = {isa = PBXFileReference; lastKnownFileType = sourcecode.swift; path = ViewController.swift; sourceTree = "<group>"; };
		2F6D39E628E524E500953C6D /* Base */ = {isa = PBXFileReference; lastKnownFileType = file.storyboard; name = Base; path = Base.lproj/Main.storyboard; sourceTree = "<group>"; };
		2F6D39E928E524E500953C6D /* GODING_EO.xcdatamodel */ = {isa = PBXFileReference; lastKnownFileType = wrapper.xcdatamodel; path = GODING_EO.xcdatamodel; sourceTree = "<group>"; };
		2F6D39EB28E524E600953C6D /* Assets.xcassets */ = {isa = PBXFileReference; lastKnownFileType = folder.assetcatalog; path = Assets.xcassets; sourceTree = "<group>"; };
		2F6D39EE28E524E600953C6D /* Base */ = {isa = PBXFileReference; lastKnownFileType = file.storyboard; name = Base; path = Base.lproj/LaunchScreen.storyboard; sourceTree = "<group>"; };
		2F6D39F028E524E600953C6D /* Info.plist */ = {isa = PBXFileReference; lastKnownFileType = text.plist.xml; path = Info.plist; sourceTree = "<group>"; };
		2F6D39F528E524E600953C6D /* GODING-EOTests.xctest */ = {isa = PBXFileReference; explicitFileType = wrapper.cfbundle; includeInIndex = 0; path = "GODING-EOTests.xctest"; sourceTree = BUILT_PRODUCTS_DIR; };
		2F6D39F928E524E600953C6D /* GODING_EOTests.swift */ = {isa = PBXFileReference; lastKnownFileType = sourcecode.swift; path = GODING_EOTests.swift; sourceTree = "<group>"; };
		2F6D39FF28E524E600953C6D /* GODING-EOUITests.xctest */ = {isa = PBXFileReference; explicitFileType = wrapper.cfbundle; includeInIndex = 0; path = "GODING-EOUITests.xctest"; sourceTree = BUILT_PRODUCTS_DIR; };
		2F6D3A0328E524E600953C6D /* GODING_EOUITests.swift */ = {isa = PBXFileReference; lastKnownFileType = sourcecode.swift; path = GODING_EOUITests.swift; sourceTree = "<group>"; };
		2F6D3A0528E524E600953C6D /* GODING_EOUITestsLaunchTests.swift */ = {isa = PBXFileReference; lastKnownFileType = sourcecode.swift; path = GODING_EOUITestsLaunchTests.swift; sourceTree = "<group>"; };
		2F6D3A1C28E5392F00953C6D /* JoinViewController.swift */ = {isa = PBXFileReference; lastKnownFileType = sourcecode.swift; path = JoinViewController.swift; sourceTree = "<group>"; };
		2F6D3AE628E9B46C00953C6D /* NotoSansKR-Black.otf */ = {isa = PBXFileReference; lastKnownFileType = file; path = "NotoSansKR-Black.otf"; sourceTree = "<group>"; };
		2F6D3AE828E9B55E00953C6D /* NotoSansKR-Medium.otf */ = {isa = PBXFileReference; lastKnownFileType = file; path = "NotoSansKR-Medium.otf"; sourceTree = "<group>"; };
		2F6D3AEA28E9B5AC00953C6D /* NotoSansKR-Light.otf */ = {isa = PBXFileReference; lastKnownFileType = file; path = "NotoSansKR-Light.otf"; sourceTree = "<group>"; };
		2F6D3AEC28E9B5EB00953C6D /* NotoSansKR-Regular.otf */ = {isa = PBXFileReference; lastKnownFileType = file; path = "NotoSansKR-Regular.otf"; sourceTree = "<group>"; };
		408B224CACD5CA46C3DDAF16 /* Pods-GODING-EO.release.xcconfig */ = {isa = PBXFileReference; includeInIndex = 1; lastKnownFileType = text.xcconfig; name = "Pods-GODING-EO.release.xcconfig"; path = "Target Support Files/Pods-GODING-EO/Pods-GODING-EO.release.xcconfig"; sourceTree = "<group>"; };
		946AD0DC8205DF182CF89E46 /* Pods_GODING_EO.framework */ = {isa = PBXFileReference; explicitFileType = wrapper.framework; includeInIndex = 0; path = Pods_GODING_EO.framework; sourceTree = BUILT_PRODUCTS_DIR; };
		971B146B6D06D28F1D489E1B /* Pods-GODING-EOTests.release.xcconfig */ = {isa = PBXFileReference; includeInIndex = 1; lastKnownFileType = text.xcconfig; name = "Pods-GODING-EOTests.release.xcconfig"; path = "Target Support Files/Pods-GODING-EOTests/Pods-GODING-EOTests.release.xcconfig"; sourceTree = "<group>"; };
		D134775D93CB7652C147BCEF /* Pods_GODING_EO_GODING_EOUITests.framework */ = {isa = PBXFileReference; explicitFileType = wrapper.framework; includeInIndex = 0; path = Pods_GODING_EO_GODING_EOUITests.framework; sourceTree = BUILT_PRODUCTS_DIR; };
		D52EB7A4B9823BC2ADEFF3E1 /* Pods-GODING-EO-GODING-EOUITests.debug.xcconfig */ = {isa = PBXFileReference; includeInIndex = 1; lastKnownFileType = text.xcconfig; name = "Pods-GODING-EO-GODING-EOUITests.debug.xcconfig"; path = "Target Support Files/Pods-GODING-EO-GODING-EOUITests/Pods-GODING-EO-GODING-EOUITests.debug.xcconfig"; sourceTree = "<group>"; };
		D6BA91B0825E8BCE16A40D5F /* Pods_GODING_EOTests.framework */ = {isa = PBXFileReference; explicitFileType = wrapper.framework; includeInIndex = 0; path = Pods_GODING_EOTests.framework; sourceTree = BUILT_PRODUCTS_DIR; };
		F483D2B0A136D0015FF00936 /* Pods-GODING-EO.debug.xcconfig */ = {isa = PBXFileReference; includeInIndex = 1; lastKnownFileType = text.xcconfig; name = "Pods-GODING-EO.debug.xcconfig"; path = "Target Support Files/Pods-GODING-EO/Pods-GODING-EO.debug.xcconfig"; sourceTree = "<group>"; };
		F7F8E65AAE59A19823EF6EAA /* Pods-GODING-EOTests.debug.xcconfig */ = {isa = PBXFileReference; includeInIndex = 1; lastKnownFileType = text.xcconfig; name = "Pods-GODING-EOTests.debug.xcconfig"; path = "Target Support Files/Pods-GODING-EOTests/Pods-GODING-EOTests.debug.xcconfig"; sourceTree = "<group>"; };
/* End PBXFileReference section */

/* Begin PBXFrameworksBuildPhase section */
		2F6D39D928E524E500953C6D /* Frameworks */ = {
			isa = PBXFrameworksBuildPhase;
			buildActionMask = 2147483647;
			files = (
				135D2601F70EABC6D5CE9EEC /* Pods_GODING_EO.framework in Frameworks */,
			);
			runOnlyForDeploymentPostprocessing = 0;
		};
		2F6D39F228E524E600953C6D /* Frameworks */ = {
			isa = PBXFrameworksBuildPhase;
			buildActionMask = 2147483647;
			files = (
				198F6887DA47F0A4C2E76571 /* Pods_GODING_EOTests.framework in Frameworks */,
			);
			runOnlyForDeploymentPostprocessing = 0;
		};
		2F6D39FC28E524E600953C6D /* Frameworks */ = {
			isa = PBXFrameworksBuildPhase;
			buildActionMask = 2147483647;
			files = (
				8C7CADDD8A756CC00E7A239D /* Pods_GODING_EO_GODING_EOUITests.framework in Frameworks */,
			);
			runOnlyForDeploymentPostprocessing = 0;
		};
/* End PBXFrameworksBuildPhase section */

/* Begin PBXGroup section */
		2F6D39D328E524E500953C6D = {
			isa = PBXGroup;
			children = (
				2F6D3AE528E9B3F900953C6D /* Fonts */,
				2F6D39DE28E524E500953C6D /* GODING-EO */,
				2F6D39F828E524E600953C6D /* GODING-EOTests */,
				2F6D3A0228E524E600953C6D /* GODING-EOUITests */,
				2F6D39DD28E524E500953C6D /* Products */,
				69258AB7FA36F58918786AC2 /* Pods */,
				C7972027A6B4AE4573A65DF0 /* Frameworks */,
			);
			sourceTree = "<group>";
		};
		2F6D39DD28E524E500953C6D /* Products */ = {
			isa = PBXGroup;
			children = (
				2F6D39DC28E524E500953C6D /* GODING-EO.app */,
				2F6D39F528E524E600953C6D /* GODING-EOTests.xctest */,
				2F6D39FF28E524E600953C6D /* GODING-EOUITests.xctest */,
			);
			name = Products;
			sourceTree = "<group>";
		};
		2F6D39DE28E524E500953C6D /* GODING-EO */ = {
			isa = PBXGroup;
			children = (
				2F6D39DF28E524E500953C6D /* AppDelegate.swift */,
				2F6D39E128E524E500953C6D /* SceneDelegate.swift */,
				2F6D39E328E524E500953C6D /* ViewController.swift */,
				2F6D39E528E524E500953C6D /* Main.storyboard */,
				2F6D3A1C28E5392F00953C6D /* JoinViewController.swift */,
				2F5EBC7328EE815C002E7847 /* JoinViewController.storyboard */,
				2F5EBC7928EED7CB002E7847 /* SchoolViewController.swift */,
				2F5EBC7B28EED7E6002E7847 /* SchoolViewController.storyboard */,
				2F6D39EB28E524E600953C6D /* Assets.xcassets */,
				2F6D39ED28E524E600953C6D /* LaunchScreen.storyboard */,
				2F6D39F028E524E600953C6D /* Info.plist */,
				2F6D39E828E524E500953C6D /* GODING_EO.xcdatamodeld */,
				2F5EBC9028FFA043002E7847 /* SchoolCell.swift */,
				2F5EBC9128FFA043002E7847 /* SchoolCell.xib */,
			);
			path = "GODING-EO";
			sourceTree = "<group>";
		};
		2F6D39F828E524E600953C6D /* GODING-EOTests */ = {
			isa = PBXGroup;
			children = (
				2F6D39F928E524E600953C6D /* GODING_EOTests.swift */,
			);
			path = "GODING-EOTests";
			sourceTree = "<group>";
		};
		2F6D3A0228E524E600953C6D /* GODING-EOUITests */ = {
			isa = PBXGroup;
			children = (
				2F6D3A0328E524E600953C6D /* GODING_EOUITests.swift */,
				2F6D3A0528E524E600953C6D /* GODING_EOUITestsLaunchTests.swift */,
			);
			path = "GODING-EOUITests";
			sourceTree = "<group>";
		};
		2F6D3AE528E9B3F900953C6D /* Fonts */ = {
			isa = PBXGroup;
			children = (
				2F5EBC7528EEA3A6002E7847 /* NotoSansKR-Bold.otf */,
				2F5EBC7628EEA3A6002E7847 /* NotoSansKR-Thin.otf */,
				2F6D3AEC28E9B5EB00953C6D /* NotoSansKR-Regular.otf */,
				2F6D3AEA28E9B5AC00953C6D /* NotoSansKR-Light.otf */,
				2F6D3AE828E9B55E00953C6D /* NotoSansKR-Medium.otf */,
				2F6D3AE628E9B46C00953C6D /* NotoSansKR-Black.otf */,
			);
			path = Fonts;
			sourceTree = "<group>";
		};
		69258AB7FA36F58918786AC2 /* Pods */ = {
			isa = PBXGroup;
			children = (
				F483D2B0A136D0015FF00936 /* Pods-GODING-EO.debug.xcconfig */,
				408B224CACD5CA46C3DDAF16 /* Pods-GODING-EO.release.xcconfig */,
				D52EB7A4B9823BC2ADEFF3E1 /* Pods-GODING-EO-GODING-EOUITests.debug.xcconfig */,
				1AEE3A86E4FBE645519CBDFB /* Pods-GODING-EO-GODING-EOUITests.release.xcconfig */,
				F7F8E65AAE59A19823EF6EAA /* Pods-GODING-EOTests.debug.xcconfig */,
				971B146B6D06D28F1D489E1B /* Pods-GODING-EOTests.release.xcconfig */,
			);
			path = Pods;
			sourceTree = "<group>";
		};
		C7972027A6B4AE4573A65DF0 /* Frameworks */ = {
			isa = PBXGroup;
			children = (
				946AD0DC8205DF182CF89E46 /* Pods_GODING_EO.framework */,
				D134775D93CB7652C147BCEF /* Pods_GODING_EO_GODING_EOUITests.framework */,
				D6BA91B0825E8BCE16A40D5F /* Pods_GODING_EOTests.framework */,
			);
			name = Frameworks;
			sourceTree = "<group>";
		};
/* End PBXGroup section */

/* Begin PBXNativeTarget section */
		2F6D39DB28E524E500953C6D /* GODING-EO */ = {
			isa = PBXNativeTarget;
			buildConfigurationList = 2F6D3A0928E524E600953C6D /* Build configuration list for PBXNativeTarget "GODING-EO" */;
			buildPhases = (
				ED843CD0AC6AA844B0085F63 /* [CP] Check Pods Manifest.lock */,
				2F6D39D828E524E500953C6D /* Sources */,
				2F6D39D928E524E500953C6D /* Frameworks */,
				2F6D39DA28E524E500953C6D /* Resources */,
				61DE1C382F43CDA665010849 /* [CP] Embed Pods Frameworks */,
			);
			buildRules = (
			);
			dependencies = (
			);
			name = "GODING-EO";
			productName = "GODING-EO";
			productReference = 2F6D39DC28E524E500953C6D /* GODING-EO.app */;
			productType = "com.apple.product-type.application";
		};
		2F6D39F428E524E600953C6D /* GODING-EOTests */ = {
			isa = PBXNativeTarget;
			buildConfigurationList = 2F6D3A0C28E524E600953C6D /* Build configuration list for PBXNativeTarget "GODING-EOTests" */;
			buildPhases = (
				D11BD508C8CF383D65EB1B72 /* [CP] Check Pods Manifest.lock */,
				2F6D39F128E524E600953C6D /* Sources */,
				2F6D39F228E524E600953C6D /* Frameworks */,
				2F6D39F328E524E600953C6D /* Resources */,
			);
			buildRules = (
			);
			dependencies = (
				2F6D39F728E524E600953C6D /* PBXTargetDependency */,
			);
			name = "GODING-EOTests";
			productName = "GODING-EOTests";
			productReference = 2F6D39F528E524E600953C6D /* GODING-EOTests.xctest */;
			productType = "com.apple.product-type.bundle.unit-test";
		};
		2F6D39FE28E524E600953C6D /* GODING-EOUITests */ = {
			isa = PBXNativeTarget;
			buildConfigurationList = 2F6D3A0F28E524E600953C6D /* Build configuration list for PBXNativeTarget "GODING-EOUITests" */;
			buildPhases = (
				45163DF01FC1574A2250D27D /* [CP] Check Pods Manifest.lock */,
				2F6D39FB28E524E600953C6D /* Sources */,
				2F6D39FC28E524E600953C6D /* Frameworks */,
				2F6D39FD28E524E600953C6D /* Resources */,
				0D05BFA9CB31F63BE883BF68 /* [CP] Embed Pods Frameworks */,
			);
			buildRules = (
			);
			dependencies = (
				2F6D3A0128E524E600953C6D /* PBXTargetDependency */,
			);
			name = "GODING-EOUITests";
			productName = "GODING-EOUITests";
			productReference = 2F6D39FF28E524E600953C6D /* GODING-EOUITests.xctest */;
			productType = "com.apple.product-type.bundle.ui-testing";
		};
/* End PBXNativeTarget section */

/* Begin PBXProject section */
		2F6D39D428E524E500953C6D /* Project object */ = {
			isa = PBXProject;
			attributes = {
				BuildIndependentTargetsInParallel = 1;
				LastSwiftUpdateCheck = 1340;
				LastUpgradeCheck = 1340;
				TargetAttributes = {
					2F6D39DB28E524E500953C6D = {
						CreatedOnToolsVersion = 13.4.1;
					};
					2F6D39F428E524E600953C6D = {
						CreatedOnToolsVersion = 13.4.1;
						TestTargetID = 2F6D39DB28E524E500953C6D;
					};
					2F6D39FE28E524E600953C6D = {
						CreatedOnToolsVersion = 13.4.1;
						TestTargetID = 2F6D39DB28E524E500953C6D;
					};
				};
			};
			buildConfigurationList = 2F6D39D728E524E500953C6D /* Build configuration list for PBXProject "GODING-EO" */;
			compatibilityVersion = "Xcode 13.0";
			developmentRegion = en;
			hasScannedForEncodings = 0;
			knownRegions = (
				en,
				Base,
			);
			mainGroup = 2F6D39D328E524E500953C6D;
			productRefGroup = 2F6D39DD28E524E500953C6D /* Products */;
			projectDirPath = "";
			projectRoot = "";
			targets = (
				2F6D39DB28E524E500953C6D /* GODING-EO */,
				2F6D39F428E524E600953C6D /* GODING-EOTests */,
				2F6D39FE28E524E600953C6D /* GODING-EOUITests */,
			);
		};
/* End PBXProject section */

/* Begin PBXResourcesBuildPhase section */
		2F6D39DA28E524E500953C6D /* Resources */ = {
			isa = PBXResourcesBuildPhase;
			buildActionMask = 2147483647;
			files = (
				2F6D3AEB28E9B5AC00953C6D /* NotoSansKR-Light.otf in Resources */,
				2F5EBC7C28EED7E6002E7847 /* SchoolViewController.storyboard in Resources */,
				2F6D39EF28E524E600953C6D /* LaunchScreen.storyboard in Resources */,
				2F6D39EC28E524E600953C6D /* Assets.xcassets in Resources */,
				2F5EBC7428EE815C002E7847 /* JoinViewController.storyboard in Resources */,
				2F5EBC7828EEA3A6002E7847 /* NotoSansKR-Thin.otf in Resources */,
				2F5EBC7728EEA3A6002E7847 /* NotoSansKR-Bold.otf in Resources */,
				2F6D3AE928E9B55E00953C6D /* NotoSansKR-Medium.otf in Resources */,
				2F6D39E728E524E500953C6D /* Main.storyboard in Resources */,
				2F6D3AE728E9B46C00953C6D /* NotoSansKR-Black.otf in Resources */,
				2F6D3AED28E9B5EB00953C6D /* NotoSansKR-Regular.otf in Resources */,
				2F5EBC9328FFA043002E7847 /* SchoolCell.xib in Resources */,
			);
			runOnlyForDeploymentPostprocessing = 0;
		};
		2F6D39F328E524E600953C6D /* Resources */ = {
			isa = PBXResourcesBuildPhase;
			buildActionMask = 2147483647;
			files = (
			);
			runOnlyForDeploymentPostprocessing = 0;
		};
		2F6D39FD28E524E600953C6D /* Resources */ = {
			isa = PBXResourcesBuildPhase;
			buildActionMask = 2147483647;
			files = (
			);
			runOnlyForDeploymentPostprocessing = 0;
		};
/* End PBXResourcesBuildPhase section */

/* Begin PBXShellScriptBuildPhase section */
		0D05BFA9CB31F63BE883BF68 /* [CP] Embed Pods Frameworks */ = {
			isa = PBXShellScriptBuildPhase;
			buildActionMask = 2147483647;
			files = (
			);
			inputFileListPaths = (
				"${PODS_ROOT}/Target Support Files/Pods-GODING-EO-GODING-EOUITests/Pods-GODING-EO-GODING-EOUITests-frameworks-${CONFIGURATION}-input-files.xcfilelist",
			);
			name = "[CP] Embed Pods Frameworks";
			outputFileListPaths = (
				"${PODS_ROOT}/Target Support Files/Pods-GODING-EO-GODING-EOUITests/Pods-GODING-EO-GODING-EOUITests-frameworks-${CONFIGURATION}-output-files.xcfilelist",
			);
			runOnlyForDeploymentPostprocessing = 0;
			shellPath = /bin/sh;
			shellScript = "\"${PODS_ROOT}/Target Support Files/Pods-GODING-EO-GODING-EOUITests/Pods-GODING-EO-GODING-EOUITests-frameworks.sh\"\n";
			showEnvVarsInLog = 0;
		};
		45163DF01FC1574A2250D27D /* [CP] Check Pods Manifest.lock */ = {
			isa = PBXShellScriptBuildPhase;
			buildActionMask = 2147483647;
			files = (
			);
			inputFileListPaths = (
			);
			inputPaths = (
				"${PODS_PODFILE_DIR_PATH}/Podfile.lock",
				"${PODS_ROOT}/Manifest.lock",
			);
			name = "[CP] Check Pods Manifest.lock";
			outputFileListPaths = (
			);
			outputPaths = (
				"$(DERIVED_FILE_DIR)/Pods-GODING-EO-GODING-EOUITests-checkManifestLockResult.txt",
			);
			runOnlyForDeploymentPostprocessing = 0;
			shellPath = /bin/sh;
			shellScript = "diff \"${PODS_PODFILE_DIR_PATH}/Podfile.lock\" \"${PODS_ROOT}/Manifest.lock\" > /dev/null\nif [ $? != 0 ] ; then\n    # print error to STDERR\n    echo \"error: The sandbox is not in sync with the Podfile.lock. Run 'pod install' or update your CocoaPods installation.\" >&2\n    exit 1\nfi\n# This output is used by Xcode 'outputs' to avoid re-running this script phase.\necho \"SUCCESS\" > \"${SCRIPT_OUTPUT_FILE_0}\"\n";
			showEnvVarsInLog = 0;
		};
		61DE1C382F43CDA665010849 /* [CP] Embed Pods Frameworks */ = {
			isa = PBXShellScriptBuildPhase;
			buildActionMask = 2147483647;
			files = (
			);
			inputFileListPaths = (
				"${PODS_ROOT}/Target Support Files/Pods-GODING-EO/Pods-GODING-EO-frameworks-${CONFIGURATION}-input-files.xcfilelist",
			);
			name = "[CP] Embed Pods Frameworks";
			outputFileListPaths = (
				"${PODS_ROOT}/Target Support Files/Pods-GODING-EO/Pods-GODING-EO-frameworks-${CONFIGURATION}-output-files.xcfilelist",
			);
			runOnlyForDeploymentPostprocessing = 0;
			shellPath = /bin/sh;
			shellScript = "\"${PODS_ROOT}/Target Support Files/Pods-GODING-EO/Pods-GODING-EO-frameworks.sh\"\n";
			showEnvVarsInLog = 0;
		};
		D11BD508C8CF383D65EB1B72 /* [CP] Check Pods Manifest.lock */ = {
			isa = PBXShellScriptBuildPhase;
			buildActionMask = 2147483647;
			files = (
			);
			inputFileListPaths = (
			);
			inputPaths = (
				"${PODS_PODFILE_DIR_PATH}/Podfile.lock",
				"${PODS_ROOT}/Manifest.lock",
			);
			name = "[CP] Check Pods Manifest.lock";
			outputFileListPaths = (
			);
			outputPaths = (
				"$(DERIVED_FILE_DIR)/Pods-GODING-EOTests-checkManifestLockResult.txt",
			);
			runOnlyForDeploymentPostprocessing = 0;
			shellPath = /bin/sh;
			shellScript = "diff \"${PODS_PODFILE_DIR_PATH}/Podfile.lock\" \"${PODS_ROOT}/Manifest.lock\" > /dev/null\nif [ $? != 0 ] ; then\n    # print error to STDERR\n    echo \"error: The sandbox is not in sync with the Podfile.lock. Run 'pod install' or update your CocoaPods installation.\" >&2\n    exit 1\nfi\n# This output is used by Xcode 'outputs' to avoid re-running this script phase.\necho \"SUCCESS\" > \"${SCRIPT_OUTPUT_FILE_0}\"\n";
			showEnvVarsInLog = 0;
		};
		ED843CD0AC6AA844B0085F63 /* [CP] Check Pods Manifest.lock */ = {
			isa = PBXShellScriptBuildPhase;
			buildActionMask = 2147483647;
			files = (
			);
			inputFileListPaths = (
			);
			inputPaths = (
				"${PODS_PODFILE_DIR_PATH}/Podfile.lock",
				"${PODS_ROOT}/Manifest.lock",
			);
			name = "[CP] Check Pods Manifest.lock";
			outputFileListPaths = (
			);
			outputPaths = (
				"$(DERIVED_FILE_DIR)/Pods-GODING-EO-checkManifestLockResult.txt",
			);
			runOnlyForDeploymentPostprocessing = 0;
			shellPath = /bin/sh;
			shellScript = "diff \"${PODS_PODFILE_DIR_PATH}/Podfile.lock\" \"${PODS_ROOT}/Manifest.lock\" > /dev/null\nif [ $? != 0 ] ; then\n    # print error to STDERR\n    echo \"error: The sandbox is not in sync with the Podfile.lock. Run 'pod install' or update your CocoaPods installation.\" >&2\n    exit 1\nfi\n# This output is used by Xcode 'outputs' to avoid re-running this script phase.\necho \"SUCCESS\" > \"${SCRIPT_OUTPUT_FILE_0}\"\n";
			showEnvVarsInLog = 0;
		};
/* End PBXShellScriptBuildPhase section */

/* Begin PBXSourcesBuildPhase section */
		2F6D39D828E524E500953C6D /* Sources */ = {
			isa = PBXSourcesBuildPhase;
			buildActionMask = 2147483647;
			files = (
				2F6D39E428E524E500953C6D /* ViewController.swift in Sources */,
				2F6D39EA28E524E500953C6D /* GODING_EO.xcdatamodeld in Sources */,
				2F6D39E028E524E500953C6D /* AppDelegate.swift in Sources */,
				2F5EBC9228FFA043002E7847 /* SchoolCell.swift in Sources */,
				2F5EBC7A28EED7CB002E7847 /* SchoolViewController.swift in Sources */,
				2F6D3A1D28E5392F00953C6D /* JoinViewController.swift in Sources */,
				2F6D39E228E524E500953C6D /* SceneDelegate.swift in Sources */,
			);
			runOnlyForDeploymentPostprocessing = 0;
		};
		2F6D39F128E524E600953C6D /* Sources */ = {
			isa = PBXSourcesBuildPhase;
			buildActionMask = 2147483647;
			files = (
				2F6D39FA28E524E600953C6D /* GODING_EOTests.swift in Sources */,
			);
			runOnlyForDeploymentPostprocessing = 0;
		};
		2F6D39FB28E524E600953C6D /* Sources */ = {
			isa = PBXSourcesBuildPhase;
			buildActionMask = 2147483647;
			files = (
				2F6D3A0628E524E600953C6D /* GODING_EOUITestsLaunchTests.swift in Sources */,
				2F6D3A0428E524E600953C6D /* GODING_EOUITests.swift in Sources */,
			);
			runOnlyForDeploymentPostprocessing = 0;
		};
/* End PBXSourcesBuildPhase section */

/* Begin PBXTargetDependency section */
		2F6D39F728E524E600953C6D /* PBXTargetDependency */ = {
			isa = PBXTargetDependency;
			target = 2F6D39DB28E524E500953C6D /* GODING-EO */;
			targetProxy = 2F6D39F628E524E600953C6D /* PBXContainerItemProxy */;
		};
		2F6D3A0128E524E600953C6D /* PBXTargetDependency */ = {
			isa = PBXTargetDependency;
			target = 2F6D39DB28E524E500953C6D /* GODING-EO */;
			targetProxy = 2F6D3A0028E524E600953C6D /* PBXContainerItemProxy */;
		};
/* End PBXTargetDependency section */

/* Begin PBXVariantGroup section */
		2F6D39E528E524E500953C6D /* Main.storyboard */ = {
			isa = PBXVariantGroup;
			children = (
				2F6D39E628E524E500953C6D /* Base */,
			);
			name = Main.storyboard;
			sourceTree = "<group>";
		};
		2F6D39ED28E524E600953C6D /* LaunchScreen.storyboard */ = {
			isa = PBXVariantGroup;
			children = (
				2F6D39EE28E524E600953C6D /* Base */,
			);
			name = LaunchScreen.storyboard;
			sourceTree = "<group>";
		};
/* End PBXVariantGroup section */

/* Begin XCBuildConfiguration section */
		2F6D3A0728E524E600953C6D /* Debug */ = {
			isa = XCBuildConfiguration;
			buildSettings = {
				ALWAYS_SEARCH_USER_PATHS = NO;
				CLANG_ANALYZER_NONNULL = YES;
				CLANG_ANALYZER_NUMBER_OBJECT_CONVERSION = YES_AGGRESSIVE;
				CLANG_CXX_LANGUAGE_STANDARD = "gnu++17";
				CLANG_ENABLE_MODULES = YES;
				CLANG_ENABLE_OBJC_ARC = YES;
				CLANG_ENABLE_OBJC_WEAK = YES;
				CLANG_WARN_BLOCK_CAPTURE_AUTORELEASING = YES;
				CLANG_WARN_BOOL_CONVERSION = YES;
				CLANG_WARN_COMMA = YES;
				CLANG_WARN_CONSTANT_CONVERSION = YES;
				CLANG_WARN_DEPRECATED_OBJC_IMPLEMENTATIONS = YES;
				CLANG_WARN_DIRECT_OBJC_ISA_USAGE = YES_ERROR;
				CLANG_WARN_DOCUMENTATION_COMMENTS = YES;
				CLANG_WARN_EMPTY_BODY = YES;
				CLANG_WARN_ENUM_CONVERSION = YES;
				CLANG_WARN_INFINITE_RECURSION = YES;
				CLANG_WARN_INT_CONVERSION = YES;
				CLANG_WARN_NON_LITERAL_NULL_CONVERSION = YES;
				CLANG_WARN_OBJC_IMPLICIT_RETAIN_SELF = YES;
				CLANG_WARN_OBJC_LITERAL_CONVERSION = YES;
				CLANG_WARN_OBJC_ROOT_CLASS = YES_ERROR;
				CLANG_WARN_QUOTED_INCLUDE_IN_FRAMEWORK_HEADER = YES;
				CLANG_WARN_RANGE_LOOP_ANALYSIS = YES;
				CLANG_WARN_STRICT_PROTOTYPES = YES;
				CLANG_WARN_SUSPICIOUS_MOVE = YES;
				CLANG_WARN_UNGUARDED_AVAILABILITY = YES_AGGRESSIVE;
				CLANG_WARN_UNREACHABLE_CODE = YES;
				CLANG_WARN__DUPLICATE_METHOD_MATCH = YES;
				COPY_PHASE_STRIP = NO;
				DEBUG_INFORMATION_FORMAT = dwarf;
				ENABLE_STRICT_OBJC_MSGSEND = YES;
				ENABLE_TESTABILITY = YES;
				GCC_C_LANGUAGE_STANDARD = gnu11;
				GCC_DYNAMIC_NO_PIC = NO;
				GCC_NO_COMMON_BLOCKS = YES;
				GCC_OPTIMIZATION_LEVEL = 0;
				GCC_PREPROCESSOR_DEFINITIONS = (
					"DEBUG=1",
					"$(inherited)",
				);
				GCC_WARN_64_TO_32_BIT_CONVERSION = YES;
				GCC_WARN_ABOUT_RETURN_TYPE = YES_ERROR;
				GCC_WARN_UNDECLARED_SELECTOR = YES;
				GCC_WARN_UNINITIALIZED_AUTOS = YES_AGGRESSIVE;
				GCC_WARN_UNUSED_FUNCTION = YES;
				GCC_WARN_UNUSED_VARIABLE = YES;
				IPHONEOS_DEPLOYMENT_TARGET = 15.5;
				MTL_ENABLE_DEBUG_INFO = INCLUDE_SOURCE;
				MTL_FAST_MATH = YES;
				ONLY_ACTIVE_ARCH = YES;
				SDKROOT = iphoneos;
				SWIFT_ACTIVE_COMPILATION_CONDITIONS = DEBUG;
				SWIFT_OPTIMIZATION_LEVEL = "-Onone";
			};
			name = Debug;
		};
		2F6D3A0828E524E600953C6D /* Release */ = {
			isa = XCBuildConfiguration;
			buildSettings = {
				ALWAYS_SEARCH_USER_PATHS = NO;
				CLANG_ANALYZER_NONNULL = YES;
				CLANG_ANALYZER_NUMBER_OBJECT_CONVERSION = YES_AGGRESSIVE;
				CLANG_CXX_LANGUAGE_STANDARD = "gnu++17";
				CLANG_ENABLE_MODULES = YES;
				CLANG_ENABLE_OBJC_ARC = YES;
				CLANG_ENABLE_OBJC_WEAK = YES;
				CLANG_WARN_BLOCK_CAPTURE_AUTORELEASING = YES;
				CLANG_WARN_BOOL_CONVERSION = YES;
				CLANG_WARN_COMMA = YES;
				CLANG_WARN_CONSTANT_CONVERSION = YES;
				CLANG_WARN_DEPRECATED_OBJC_IMPLEMENTATIONS = YES;
				CLANG_WARN_DIRECT_OBJC_ISA_USAGE = YES_ERROR;
				CLANG_WARN_DOCUMENTATION_COMMENTS = YES;
				CLANG_WARN_EMPTY_BODY = YES;
				CLANG_WARN_ENUM_CONVERSION = YES;
				CLANG_WARN_INFINITE_RECURSION = YES;
				CLANG_WARN_INT_CONVERSION = YES;
				CLANG_WARN_NON_LITERAL_NULL_CONVERSION = YES;
				CLANG_WARN_OBJC_IMPLICIT_RETAIN_SELF = YES;
				CLANG_WARN_OBJC_LITERAL_CONVERSION = YES;
				CLANG_WARN_OBJC_ROOT_CLASS = YES_ERROR;
				CLANG_WARN_QUOTED_INCLUDE_IN_FRAMEWORK_HEADER = YES;
				CLANG_WARN_RANGE_LOOP_ANALYSIS = YES;
				CLANG_WARN_STRICT_PROTOTYPES = YES;
				CLANG_WARN_SUSPICIOUS_MOVE = YES;
				CLANG_WARN_UNGUARDED_AVAILABILITY = YES_AGGRESSIVE;
				CLANG_WARN_UNREACHABLE_CODE = YES;
				CLANG_WARN__DUPLICATE_METHOD_MATCH = YES;
				COPY_PHASE_STRIP = NO;
				DEBUG_INFORMATION_FORMAT = "dwarf-with-dsym";
				ENABLE_NS_ASSERTIONS = NO;
				ENABLE_STRICT_OBJC_MSGSEND = YES;
				GCC_C_LANGUAGE_STANDARD = gnu11;
				GCC_NO_COMMON_BLOCKS = YES;
				GCC_WARN_64_TO_32_BIT_CONVERSION = YES;
				GCC_WARN_ABOUT_RETURN_TYPE = YES_ERROR;
				GCC_WARN_UNDECLARED_SELECTOR = YES;
				GCC_WARN_UNINITIALIZED_AUTOS = YES_AGGRESSIVE;
				GCC_WARN_UNUSED_FUNCTION = YES;
				GCC_WARN_UNUSED_VARIABLE = YES;
				IPHONEOS_DEPLOYMENT_TARGET = 15.5;
				MTL_ENABLE_DEBUG_INFO = NO;
				MTL_FAST_MATH = YES;
				SDKROOT = iphoneos;
				SWIFT_COMPILATION_MODE = wholemodule;
				SWIFT_OPTIMIZATION_LEVEL = "-O";
				VALIDATE_PRODUCT = YES;
			};
			name = Release;
		};
		2F6D3A0A28E524E600953C6D /* Debug */ = {
			isa = XCBuildConfiguration;
			baseConfigurationReference = F483D2B0A136D0015FF00936 /* Pods-GODING-EO.debug.xcconfig */;
			buildSettings = {
				ASSETCATALOG_COMPILER_APPICON_NAME = AppIcon;
				ASSETCATALOG_COMPILER_GLOBAL_ACCENT_COLOR_NAME = AccentColor;
				CODE_SIGN_STYLE = Manual;
				CURRENT_PROJECT_VERSION = 1;
				DEVELOPMENT_TEAM = "";
				GENERATE_INFOPLIST_FILE = YES;
				INFOPLIST_FILE = "GODING-EO/Info.plist";
				INFOPLIST_KEY_UIApplicationSupportsIndirectInputEvents = YES;
				INFOPLIST_KEY_UILaunchStoryboardName = LaunchScreen;
				INFOPLIST_KEY_UIMainStoryboardFile = Main;
				INFOPLIST_KEY_UISupportedInterfaceOrientations = UIInterfaceOrientationPortrait;
				INFOPLIST_KEY_UISupportedInterfaceOrientations_iPad = "UIInterfaceOrientationPortrait UIInterfaceOrientationPortraitUpsideDown UIInterfaceOrientationLandscapeLeft UIInterfaceOrientationLandscapeRight";
				INFOPLIST_KEY_UISupportedInterfaceOrientations_iPhone = UIInterfaceOrientationPortrait;
				LD_RUNPATH_SEARCH_PATHS = (
					"$(inherited)",
					"@executable_path/Frameworks",
				);
				MARKETING_VERSION = 1.0;
				PRODUCT_BUNDLE_IDENTIFIER = "com.GODING-EO";
				PRODUCT_NAME = "$(TARGET_NAME)";
				PROVISIONING_PROFILE_SPECIFIER = "";
				SWIFT_EMIT_LOC_STRINGS = YES;
				SWIFT_VERSION = 5.0;
				TARGETED_DEVICE_FAMILY = 1;
			};
			name = Debug;
		};
		2F6D3A0B28E524E600953C6D /* Release */ = {
			isa = XCBuildConfiguration;
			baseConfigurationReference = 408B224CACD5CA46C3DDAF16 /* Pods-GODING-EO.release.xcconfig */;
			buildSettings = {
				ASSETCATALOG_COMPILER_APPICON_NAME = AppIcon;
				ASSETCATALOG_COMPILER_GLOBAL_ACCENT_COLOR_NAME = AccentColor;
				CODE_SIGN_STYLE = Manual;
				CURRENT_PROJECT_VERSION = 1;
				DEVELOPMENT_TEAM = "";
				GENERATE_INFOPLIST_FILE = YES;
				INFOPLIST_FILE = "GODING-EO/Info.plist";
				INFOPLIST_KEY_UIApplicationSupportsIndirectInputEvents = YES;
				INFOPLIST_KEY_UILaunchStoryboardName = LaunchScreen;
				INFOPLIST_KEY_UIMainStoryboardFile = Main;
				INFOPLIST_KEY_UISupportedInterfaceOrientations = UIInterfaceOrientationPortrait;
				INFOPLIST_KEY_UISupportedInterfaceOrientations_iPad = "UIInterfaceOrientationPortrait UIInterfaceOrientationPortraitUpsideDown UIInterfaceOrientationLandscapeLeft UIInterfaceOrientationLandscapeRight";
				INFOPLIST_KEY_UISupportedInterfaceOrientations_iPhone = UIInterfaceOrientationPortrait;
				LD_RUNPATH_SEARCH_PATHS = (
					"$(inherited)",
					"@executable_path/Frameworks",
				);
				MARKETING_VERSION = 1.0;
				PRODUCT_BUNDLE_IDENTIFIER = "com.GODING-EO";
				PRODUCT_NAME = "$(TARGET_NAME)";
				PROVISIONING_PROFILE_SPECIFIER = "";
				SWIFT_EMIT_LOC_STRINGS = YES;
				SWIFT_VERSION = 5.0;
				TARGETED_DEVICE_FAMILY = 1;
			};
			name = Release;
		};
		2F6D3A0D28E524E600953C6D /* Debug */ = {
			isa = XCBuildConfiguration;
			baseConfigurationReference = F7F8E65AAE59A19823EF6EAA /* Pods-GODING-EOTests.debug.xcconfig */;
			buildSettings = {
				ALWAYS_EMBED_SWIFT_STANDARD_LIBRARIES = YES;
				BUNDLE_LOADER = "$(TEST_HOST)";
				CODE_SIGN_STYLE = Automatic;
				CURRENT_PROJECT_VERSION = 1;
				GENERATE_INFOPLIST_FILE = YES;
				IPHONEOS_DEPLOYMENT_TARGET = 15.5;
				MARKETING_VERSION = 1.0;
				PRODUCT_BUNDLE_IDENTIFIER = "com.GODING-EOTests";
				PRODUCT_NAME = "$(TARGET_NAME)";
				SWIFT_EMIT_LOC_STRINGS = NO;
				SWIFT_VERSION = 5.0;
				TARGETED_DEVICE_FAMILY = "1,2";
				TEST_HOST = "$(BUILT_PRODUCTS_DIR)/GODING-EO.app/GODING-EO";
			};
			name = Debug;
		};
		2F6D3A0E28E524E600953C6D /* Release */ = {
			isa = XCBuildConfiguration;
			baseConfigurationReference = 971B146B6D06D28F1D489E1B /* Pods-GODING-EOTests.release.xcconfig */;
			buildSettings = {
				ALWAYS_EMBED_SWIFT_STANDARD_LIBRARIES = YES;
				BUNDLE_LOADER = "$(TEST_HOST)";
				CODE_SIGN_STYLE = Automatic;
				CURRENT_PROJECT_VERSION = 1;
				GENERATE_INFOPLIST_FILE = YES;
				IPHONEOS_DEPLOYMENT_TARGET = 15.5;
				MARKETING_VERSION = 1.0;
				PRODUCT_BUNDLE_IDENTIFIER = "com.GODING-EOTests";
				PRODUCT_NAME = "$(TARGET_NAME)";
				SWIFT_EMIT_LOC_STRINGS = NO;
				SWIFT_VERSION = 5.0;
				TARGETED_DEVICE_FAMILY = "1,2";
				TEST_HOST = "$(BUILT_PRODUCTS_DIR)/GODING-EO.app/GODING-EO";
			};
			name = Release;
		};
		2F6D3A1028E524E600953C6D /* Debug */ = {
			isa = XCBuildConfiguration;
			baseConfigurationReference = D52EB7A4B9823BC2ADEFF3E1 /* Pods-GODING-EO-GODING-EOUITests.debug.xcconfig */;
			buildSettings = {
				ALWAYS_EMBED_SWIFT_STANDARD_LIBRARIES = YES;
				CODE_SIGN_STYLE = Automatic;
				CURRENT_PROJECT_VERSION = 1;
				GENERATE_INFOPLIST_FILE = YES;
				MARKETING_VERSION = 1.0;
				PRODUCT_BUNDLE_IDENTIFIER = "com.GODING-EOUITests";
				PRODUCT_NAME = "$(TARGET_NAME)";
				SWIFT_EMIT_LOC_STRINGS = NO;
				SWIFT_VERSION = 5.0;
				TARGETED_DEVICE_FAMILY = "1,2";
				TEST_TARGET_NAME = "GODING-EO";
			};
			name = Debug;
		};
		2F6D3A1128E524E600953C6D /* Release */ = {
			isa = XCBuildConfiguration;
			baseConfigurationReference = 1AEE3A86E4FBE645519CBDFB /* Pods-GODING-EO-GODING-EOUITests.release.xcconfig */;
			buildSettings = {
				ALWAYS_EMBED_SWIFT_STANDARD_LIBRARIES = YES;
				CODE_SIGN_STYLE = Automatic;
				CURRENT_PROJECT_VERSION = 1;
				GENERATE_INFOPLIST_FILE = YES;
				MARKETING_VERSION = 1.0;
				PRODUCT_BUNDLE_IDENTIFIER = "com.GODING-EOUITests";
				PRODUCT_NAME = "$(TARGET_NAME)";
				SWIFT_EMIT_LOC_STRINGS = NO;
				SWIFT_VERSION = 5.0;
				TARGETED_DEVICE_FAMILY = "1,2";
				TEST_TARGET_NAME = "GODING-EO";
			};
			name = Release;
		};
/* End XCBuildConfiguration section */

/* Begin XCConfigurationList section */
		2F6D39D728E524E500953C6D /* Build configuration list for PBXProject "GODING-EO" */ = {
			isa = XCConfigurationList;
			buildConfigurations = (
				2F6D3A0728E524E600953C6D /* Debug */,
				2F6D3A0828E524E600953C6D /* Release */,
			);
			defaultConfigurationIsVisible = 0;
			defaultConfigurationName = Release;
		};
		2F6D3A0928E524E600953C6D /* Build configuration list for PBXNativeTarget "GODING-EO" */ = {
			isa = XCConfigurationList;
			buildConfigurations = (
				2F6D3A0A28E524E600953C6D /* Debug */,
				2F6D3A0B28E524E600953C6D /* Release */,
			);
			defaultConfigurationIsVisible = 0;
			defaultConfigurationName = Release;
		};
		2F6D3A0C28E524E600953C6D /* Build configuration list for PBXNativeTarget "GODING-EOTests" */ = {
			isa = XCConfigurationList;
			buildConfigurations = (
				2F6D3A0D28E524E600953C6D /* Debug */,
				2F6D3A0E28E524E600953C6D /* Release */,
			);
			defaultConfigurationIsVisible = 0;
			defaultConfigurationName = Release;
		};
		2F6D3A0F28E524E600953C6D /* Build configuration list for PBXNativeTarget "GODING-EOUITests" */ = {
			isa = XCConfigurationList;
			buildConfigurations = (
				2F6D3A1028E524E600953C6D /* Debug */,
				2F6D3A1128E524E600953C6D /* Release */,
			);
			defaultConfigurationIsVisible = 0;
			defaultConfigurationName = Release;
		};
/* End XCConfigurationList section */

/* Begin XCVersionGroup section */
		2F6D39E828E524E500953C6D /* GODING_EO.xcdatamodeld */ = {
			isa = XCVersionGroup;
			children = (
				2F6D39E928E524E500953C6D /* GODING_EO.xcdatamodel */,
			);
			currentVersion = 2F6D39E928E524E500953C6D /* GODING_EO.xcdatamodel */;
			path = GODING_EO.xcdatamodeld;
			sourceTree = "<group>";
			versionGroupType = wrapper.xcdatamodel;
		};
/* End XCVersionGroup section */
	};
	rootObject = 2F6D39D428E524E500953C6D /* Project object */;
}
